
Microsoft Visual Studio Solution File, Format Version 12.00
# Visual Studio Version 17
VisualStudioVersion = 17.3.32819.101
MinimumVisualStudioVersion = 10.0.40219.1
Project("{9A19103F-16F7-4668-BE54-9A1E7A4F7556}") = "FormulaEvaluator", "spreadsheet\FormulaEvaluator.csproj", "{D0B7780E-436C-4B1C-A36A-8CA7B4EC78C6}"
EndProject
Project("{9A19103F-16F7-4668-BE54-9A1E7A4F7556}") = "FormulaEvaluatorTester", "FormulaEvaluatorTester\FormulaEvaluatorTester.csproj", "{83FEB9C6-F01B-46C8-BB1B-859A9D6334DF}"
EndProject
Global
	GlobalSection(SolutionConfigurationPlatforms) = preSolution
		Debug|Any CPU = Debug|Any CPU
		Release|Any CPU = Release|Any CPU
	EndGlobalSection
	GlobalSection(ProjectConfigurationPlatforms) = postSolution
		{D0B7780E-436C-4B1C-A36A-8CA7B4EC78C6}.Debug|Any CPU.ActiveCfg = Debug|Any CPU
		{D0B7780E-436C-4B1C-A36A-8CA7B4EC78C6}.Debug|Any CPU.Build.0 = Debug|Any CPU
		{D0B7780E-436C-4B1C-A36A-8CA7B4EC78C6}.Release|Any CPU.ActiveCfg = Release|Any CPU
		{D0B7780E-436C-4B1C-A36A-8CA7B4EC78C6}.Release|Any CPU.Build.0 = Release|Any CPU
		{83FEB9C6-F01B-46C8-BB1B-859A9D6334DF}.Debug|Any CPU.ActiveCfg = Debug|Any CPU
		{83FEB9C6-F01B-46C8-BB1B-859A9D6334DF}.Debug|Any CPU.Build.0 = Debug|Any CPU
		{83FEB9C6-F01B-46C8-BB1B-859A9D6334DF}.Release|Any CPU.ActiveCfg = Release|Any CPU
		{83FEB9C6-F01B-46C8-BB1B-859A9D6334DF}.Release|Any CPU.Build.0 = Release|Any CPU
	EndGlobalSection
	GlobalSection(SolutionProperties) = preSolution
		HideSolutionNode = FALSE
	EndGlobalSection
	GlobalSection(ExtensibilityGlobals) = postSolution
		SolutionGuid = {67445B84-AB35-4CEB-AA09-C1E917AEF8B2}
	EndGlobalSection
EndGlobal
