
Microsoft Visual Studio Solution File, Format Version 12.00
# Visual Studio Version 17
VisualStudioVersion = 17.8.34511.84
MinimumVisualStudioVersion = 10.0.40219.1
Project("{FAE04EC0-301F-11D3-BF4B-00C04F79EFBC}") = "FormulaEvaluator", "FormulaEvaluator\FormulaEvaluator.csproj", "{9C1B843C-F400-436F-948B-4B930FB7407B}"
EndProject
Project("{FAE04EC0-301F-11D3-BF4B-00C04F79EFBC}") = "FormulaEvaluatorTester", "FormulaEvaluatorTester\FormulaEvaluatorTester.csproj", "{462C2162-EAD3-4E0D-B470-E7D2437C0267}"
EndProject
Global
	GlobalSection(SolutionConfigurationPlatforms) = preSolution
		Debug|Any CPU = Debug|Any CPU
		Release|Any CPU = Release|Any CPU
	EndGlobalSection
	GlobalSection(ProjectConfigurationPlatforms) = postSolution
		{9C1B843C-F400-436F-948B-4B930FB7407B}.Debug|Any CPU.ActiveCfg = Debug|Any CPU
		{9C1B843C-F400-436F-948B-4B930FB7407B}.Debug|Any CPU.Build.0 = Debug|Any CPU
		{9C1B843C-F400-436F-948B-4B930FB7407B}.Release|Any CPU.ActiveCfg = Release|Any CPU
		{9C1B843C-F400-436F-948B-4B930FB7407B}.Release|Any CPU.Build.0 = Release|Any CPU
		{462C2162-EAD3-4E0D-B470-E7D2437C0267}.Debug|Any CPU.ActiveCfg = Debug|Any CPU
		{462C2162-EAD3-4E0D-B470-E7D2437C0267}.Debug|Any CPU.Build.0 = Debug|Any CPU
		{462C2162-EAD3-4E0D-B470-E7D2437C0267}.Release|Any CPU.ActiveCfg = Release|Any CPU
		{462C2162-EAD3-4E0D-B470-E7D2437C0267}.Release|Any CPU.Build.0 = Release|Any CPU
	EndGlobalSection
	GlobalSection(SolutionProperties) = preSolution
		HideSolutionNode = FALSE
	EndGlobalSection
	GlobalSection(ExtensibilityGlobals) = postSolution
		SolutionGuid = {2CEDA8D8-4F22-442D-8C76-40A9BCEDF249}
	EndGlobalSection
EndGlobal
